
Microsoft Visual Studio Solution File, Format Version 12.00
# Visual Studio 15
VisualStudioVersion = 15.0.26124.0
MinimumVisualStudioVersion = 15.0.26124.0
Project("{2150E333-8FDC-42A3-9474-1A3956D46DE8}") = "src", "src", "{57C343D9-4B96-4BD8-B8AF-EE16494F12E6}"
EndProject
Project("{FAE04EC0-301F-11D3-BF4B-00C04F79EFBC}") = "AzureAPI", "src\AzureAPI\AzureAPI.csproj", "{C05D2AC6-7522-4D1A-85A2-AC85787F0A93}"
EndProject
Project("{2150E333-8FDC-42A3-9474-1A3956D46DE8}") = "test", "test", "{88BEFC8A-3FE9-472A-958A-F647F84F4753}"
EndProject
Project("{FAE04EC0-301F-11D3-BF4B-00C04F79EFBC}") = "AzureAPI.Tests", "test\AzureAPI.Tests\AzureAPI.Tests.csproj", "{97ED5FA5-A5D5-4159-9275-AC5B4FA20518}"
EndProject
Global
	GlobalSection(SolutionConfigurationPlatforms) = preSolution
		Debug|Any CPU = Debug|Any CPU
		Debug|x64 = Debug|x64
		Debug|x86 = Debug|x86
		Release|Any CPU = Release|Any CPU
		Release|x64 = Release|x64
		Release|x86 = Release|x86
	EndGlobalSection
	GlobalSection(SolutionProperties) = preSolution
		HideSolutionNode = FALSE
	EndGlobalSection
	GlobalSection(ProjectConfigurationPlatforms) = postSolution
		{C05D2AC6-7522-4D1A-85A2-AC85787F0A93}.Debug|Any CPU.ActiveCfg = Debug|Any CPU
		{C05D2AC6-7522-4D1A-85A2-AC85787F0A93}.Debug|Any CPU.Build.0 = Debug|Any CPU
		{C05D2AC6-7522-4D1A-85A2-AC85787F0A93}.Debug|x64.ActiveCfg = Debug|Any CPU
		{C05D2AC6-7522-4D1A-85A2-AC85787F0A93}.Debug|x64.Build.0 = Debug|Any CPU
		{C05D2AC6-7522-4D1A-85A2-AC85787F0A93}.Debug|x86.ActiveCfg = Debug|Any CPU
		{C05D2AC6-7522-4D1A-85A2-AC85787F0A93}.Debug|x86.Build.0 = Debug|Any CPU
		{C05D2AC6-7522-4D1A-85A2-AC85787F0A93}.Release|Any CPU.ActiveCfg = Release|Any CPU
		{C05D2AC6-7522-4D1A-85A2-AC85787F0A93}.Release|Any CPU.Build.0 = Release|Any CPU
		{C05D2AC6-7522-4D1A-85A2-AC85787F0A93}.Release|x64.ActiveCfg = Release|Any CPU
		{C05D2AC6-7522-4D1A-85A2-AC85787F0A93}.Release|x64.Build.0 = Release|Any CPU
		{C05D2AC6-7522-4D1A-85A2-AC85787F0A93}.Release|x86.ActiveCfg = Release|Any CPU
		{C05D2AC6-7522-4D1A-85A2-AC85787F0A93}.Release|x86.Build.0 = Release|Any CPU
		{97ED5FA5-A5D5-4159-9275-AC5B4FA20518}.Debug|Any CPU.ActiveCfg = Debug|Any CPU
		{97ED5FA5-A5D5-4159-9275-AC5B4FA20518}.Debug|Any CPU.Build.0 = Debug|Any CPU
		{97ED5FA5-A5D5-4159-9275-AC5B4FA20518}.Debug|x64.ActiveCfg = Debug|Any CPU
		{97ED5FA5-A5D5-4159-9275-AC5B4FA20518}.Debug|x64.Build.0 = Debug|Any CPU
		{97ED5FA5-A5D5-4159-9275-AC5B4FA20518}.Debug|x86.ActiveCfg = Debug|Any CPU
		{97ED5FA5-A5D5-4159-9275-AC5B4FA20518}.Debug|x86.Build.0 = Debug|Any CPU
		{97ED5FA5-A5D5-4159-9275-AC5B4FA20518}.Release|Any CPU.ActiveCfg = Release|Any CPU
		{97ED5FA5-A5D5-4159-9275-AC5B4FA20518}.Release|Any CPU.Build.0 = Release|Any CPU
		{97ED5FA5-A5D5-4159-9275-AC5B4FA20518}.Release|x64.ActiveCfg = Release|Any CPU
		{97ED5FA5-A5D5-4159-9275-AC5B4FA20518}.Release|x64.Build.0 = Release|Any CPU
		{97ED5FA5-A5D5-4159-9275-AC5B4FA20518}.Release|x86.ActiveCfg = Release|Any CPU
		{97ED5FA5-A5D5-4159-9275-AC5B4FA20518}.Release|x86.Build.0 = Release|Any CPU
	EndGlobalSection
	GlobalSection(NestedProjects) = preSolution
		{C05D2AC6-7522-4D1A-85A2-AC85787F0A93} = {57C343D9-4B96-4BD8-B8AF-EE16494F12E6}
		{97ED5FA5-A5D5-4159-9275-AC5B4FA20518} = {88BEFC8A-3FE9-472A-958A-F647F84F4753}
	EndGlobalSection
EndGlobal
